
Microsoft Visual Studio Solution File, Format Version 12.00
# Visual Studio 15
VisualStudioVersion = 15.0.28010.2048
MinimumVisualStudioVersion = 10.0.40219.1
Project("{FAE04EC0-301F-11D3-BF4B-00C04F79EFBC}") = "FaturaIslemleri", "FaturaIslemleri\FaturaIslemleri.csproj", "{48A60D9F-E01C-4553-B8A2-B16ADC47A17B}"
EndProject
Global
	GlobalSection(SolutionConfigurationPlatforms) = preSolution
		Debug|Any CPU = Debug|Any CPU
		Release|Any CPU = Release|Any CPU
	EndGlobalSection
	GlobalSection(ProjectConfigurationPlatforms) = postSolution
		{48A60D9F-E01C-4553-B8A2-B16ADC47A17B}.Debug|Any CPU.ActiveCfg = Debug|Any CPU
		{48A60D9F-E01C-4553-B8A2-B16ADC47A17B}.Debug|Any CPU.Build.0 = Debug|Any CPU
		{48A60D9F-E01C-4553-B8A2-B16ADC47A17B}.Release|Any CPU.ActiveCfg = Release|Any CPU
		{48A60D9F-E01C-4553-B8A2-B16ADC47A17B}.Release|Any CPU.Build.0 = Release|Any CPU
	EndGlobalSection
	GlobalSection(SolutionProperties) = preSolution
		HideSolutionNode = FALSE
	EndGlobalSection
	GlobalSection(ExtensibilityGlobals) = postSolution
		SolutionGuid = {BD1D64F4-792F-40F8-8185-9C47ED43556C}
	EndGlobalSection
EndGlobal
